// !$*UTF8*$!
{
	archiveVersion = 1;
	classes = {
	};
	objectVersion = 50;
	objects = {

/* Begin PBXBuildFile section */
		477A1E0B6DA71F1FC6674819 /* Pods_flixsterTests.framework in Frameworks */ = {isa = PBXBuildFile; fileRef = E0FB6E60C452081593861D33 /* Pods_flixsterTests.framework */; };
		67E6DE6925C1B62F004138D9 /* AppDelegate.swift in Sources */ = {isa = PBXBuildFile; fileRef = 67E6DE6825C1B62F004138D9 /* AppDelegate.swift */; };
		67E6DE6B25C1B62F004138D9 /* SceneDelegate.swift in Sources */ = {isa = PBXBuildFile; fileRef = 67E6DE6A25C1B62F004138D9 /* SceneDelegate.swift */; };
		67E6DE7025C1B62F004138D9 /* Main.storyboard in Resources */ = {isa = PBXBuildFile; fileRef = 67E6DE6E25C1B62F004138D9 /* Main.storyboard */; };
		67E6DE7225C1B636004138D9 /* Assets.xcassets in Resources */ = {isa = PBXBuildFile; fileRef = 67E6DE7125C1B636004138D9 /* Assets.xcassets */; };
		67E6DE7525C1B636004138D9 /* LaunchScreen.storyboard in Resources */ = {isa = PBXBuildFile; fileRef = 67E6DE7325C1B636004138D9 /* LaunchScreen.storyboard */; };
		67E6DE8025C1B638004138D9 /* flixsterTests.swift in Sources */ = {isa = PBXBuildFile; fileRef = 67E6DE7F25C1B638004138D9 /* flixsterTests.swift */; };
		67E6DE8B25C1B638004138D9 /* flixsterUITests.swift in Sources */ = {isa = PBXBuildFile; fileRef = 67E6DE8A25C1B638004138D9 /* flixsterUITests.swift */; };
		67E6DE9F25C1C6BA004138D9 /* MoviesViewController.swift in Sources */ = {isa = PBXBuildFile; fileRef = 67E6DE9E25C1C6BA004138D9 /* MoviesViewController.swift */; };
		67E6DEA425C7578C004138D9 /* MovieCell.swift in Sources */ = {isa = PBXBuildFile; fileRef = 67E6DEA325C7578C004138D9 /* MovieCell.swift */; };
		9CA151534BDB85A142411C23 /* Pods_flixster.framework in Frameworks */ = {isa = PBXBuildFile; fileRef = 265A73283DB98D11472BDBA6 /* Pods_flixster.framework */; };
		E1FC866E294D2E4ED380EF64 /* Pods_flixster_flixsterUITests.framework in Frameworks */ = {isa = PBXBuildFile; fileRef = 6BD148A4FA658A7A447E8942 /* Pods_flixster_flixsterUITests.framework */; };
/* End PBXBuildFile section */

/* Begin PBXContainerItemProxy section */
		67E6DE7C25C1B637004138D9 /* PBXContainerItemProxy */ = {
			isa = PBXContainerItemProxy;
			containerPortal = 67E6DE5D25C1B62F004138D9 /* Project object */;
			proxyType = 1;
			remoteGlobalIDString = 67E6DE6425C1B62F004138D9;
			remoteInfo = flixster;
		};
		67E6DE8725C1B638004138D9 /* PBXContainerItemProxy */ = {
			isa = PBXContainerItemProxy;
			containerPortal = 67E6DE5D25C1B62F004138D9 /* Project object */;
			proxyType = 1;
			remoteGlobalIDString = 67E6DE6425C1B62F004138D9;
			remoteInfo = flixster;
		};
/* End PBXContainerItemProxy section */

/* Begin PBXFileReference section */
		265A73283DB98D11472BDBA6 /* Pods_flixster.framework */ = {isa = PBXFileReference; explicitFileType = wrapper.framework; includeInIndex = 0; path = Pods_flixster.framework; sourceTree = BUILT_PRODUCTS_DIR; };
		67E6DE6525C1B62F004138D9 /* flixster.app */ = {isa = PBXFileReference; explicitFileType = wrapper.application; includeInIndex = 0; path = flixster.app; sourceTree = BUILT_PRODUCTS_DIR; };
		67E6DE6825C1B62F004138D9 /* AppDelegate.swift */ = {isa = PBXFileReference; lastKnownFileType = sourcecode.swift; path = AppDelegate.swift; sourceTree = "<group>"; };
		67E6DE6A25C1B62F004138D9 /* SceneDelegate.swift */ = {isa = PBXFileReference; lastKnownFileType = sourcecode.swift; path = SceneDelegate.swift; sourceTree = "<group>"; };
		67E6DE6F25C1B62F004138D9 /* Base */ = {isa = PBXFileReference; lastKnownFileType = file.storyboard; name = Base; path = Base.lproj/Main.storyboard; sourceTree = "<group>"; };
		67E6DE7125C1B636004138D9 /* Assets.xcassets */ = {isa = PBXFileReference; lastKnownFileType = folder.assetcatalog; path = Assets.xcassets; sourceTree = "<group>"; };
		67E6DE7425C1B636004138D9 /* Base */ = {isa = PBXFileReference; lastKnownFileType = file.storyboard; name = Base; path = Base.lproj/LaunchScreen.storyboard; sourceTree = "<group>"; };
		67E6DE7625C1B636004138D9 /* Info.plist */ = {isa = PBXFileReference; lastKnownFileType = text.plist.xml; path = Info.plist; sourceTree = "<group>"; };
		67E6DE7B25C1B637004138D9 /* flixsterTests.xctest */ = {isa = PBXFileReference; explicitFileType = wrapper.cfbundle; includeInIndex = 0; path = flixsterTests.xctest; sourceTree = BUILT_PRODUCTS_DIR; };
		67E6DE7F25C1B638004138D9 /* flixsterTests.swift */ = {isa = PBXFileReference; lastKnownFileType = sourcecode.swift; path = flixsterTests.swift; sourceTree = "<group>"; };
		67E6DE8125C1B638004138D9 /* Info.plist */ = {isa = PBXFileReference; lastKnownFileType = text.plist.xml; path = Info.plist; sourceTree = "<group>"; };
		67E6DE8625C1B638004138D9 /* flixsterUITests.xctest */ = {isa = PBXFileReference; explicitFileType = wrapper.cfbundle; includeInIndex = 0; path = flixsterUITests.xctest; sourceTree = BUILT_PRODUCTS_DIR; };
		67E6DE8A25C1B638004138D9 /* flixsterUITests.swift */ = {isa = PBXFileReference; lastKnownFileType = sourcecode.swift; path = flixsterUITests.swift; sourceTree = "<group>"; };
		67E6DE8C25C1B638004138D9 /* Info.plist */ = {isa = PBXFileReference; lastKnownFileType = text.plist.xml; path = Info.plist; sourceTree = "<group>"; };
		67E6DE9E25C1C6BA004138D9 /* MoviesViewController.swift */ = {isa = PBXFileReference; lastKnownFileType = sourcecode.swift; path = MoviesViewController.swift; sourceTree = "<group>"; };
		67E6DEA325C7578C004138D9 /* MovieCell.swift */ = {isa = PBXFileReference; lastKnownFileType = sourcecode.swift; path = MovieCell.swift; sourceTree = "<group>"; };
		6BD148A4FA658A7A447E8942 /* Pods_flixster_flixsterUITests.framework */ = {isa = PBXFileReference; explicitFileType = wrapper.framework; includeInIndex = 0; path = Pods_flixster_flixsterUITests.framework; sourceTree = BUILT_PRODUCTS_DIR; };
		7819A52F37E14630D362B39A /* Pods-flixster-flixsterUITests.debug.xcconfig */ = {isa = PBXFileReference; includeInIndex = 1; lastKnownFileType = text.xcconfig; name = "Pods-flixster-flixsterUITests.debug.xcconfig"; path = "Target Support Files/Pods-flixster-flixsterUITests/Pods-flixster-flixsterUITests.debug.xcconfig"; sourceTree = "<group>"; };
		8C68A3E6CB1039595899AF76 /* Pods-flixster.release.xcconfig */ = {isa = PBXFileReference; includeInIndex = 1; lastKnownFileType = text.xcconfig; name = "Pods-flixster.release.xcconfig"; path = "Target Support Files/Pods-flixster/Pods-flixster.release.xcconfig"; sourceTree = "<group>"; };
		92220D85A9D095542E5F2BDC /* Pods-flixster-flixsterUITests.release.xcconfig */ = {isa = PBXFileReference; includeInIndex = 1; lastKnownFileType = text.xcconfig; name = "Pods-flixster-flixsterUITests.release.xcconfig"; path = "Target Support Files/Pods-flixster-flixsterUITests/Pods-flixster-flixsterUITests.release.xcconfig"; sourceTree = "<group>"; };
		A320D139095F113129BFA703 /* Pods-flixster.debug.xcconfig */ = {isa = PBXFileReference; includeInIndex = 1; lastKnownFileType = text.xcconfig; name = "Pods-flixster.debug.xcconfig"; path = "Target Support Files/Pods-flixster/Pods-flixster.debug.xcconfig"; sourceTree = "<group>"; };
		AE71BA613D4CC7532810BEB9 /* Pods-flixsterTests.release.xcconfig */ = {isa = PBXFileReference; includeInIndex = 1; lastKnownFileType = text.xcconfig; name = "Pods-flixsterTests.release.xcconfig"; path = "Target Support Files/Pods-flixsterTests/Pods-flixsterTests.release.xcconfig"; sourceTree = "<group>"; };
		D1AF99ECA3CC45FC3553CBCE /* Pods-flixsterTests.debug.xcconfig */ = {isa = PBXFileReference; includeInIndex = 1; lastKnownFileType = text.xcconfig; name = "Pods-flixsterTests.debug.xcconfig"; path = "Target Support Files/Pods-flixsterTests/Pods-flixsterTests.debug.xcconfig"; sourceTree = "<group>"; };
		E0FB6E60C452081593861D33 /* Pods_flixsterTests.framework */ = {isa = PBXFileReference; explicitFileType = wrapper.framework; includeInIndex = 0; path = Pods_flixsterTests.framework; sourceTree = BUILT_PRODUCTS_DIR; };
/* End PBXFileReference section */

/* Begin PBXFrameworksBuildPhase section */
		67E6DE6225C1B62F004138D9 /* Frameworks */ = {
			isa = PBXFrameworksBuildPhase;
			buildActionMask = 2147483647;
			files = (
				9CA151534BDB85A142411C23 /* Pods_flixster.framework in Frameworks */,
			);
			runOnlyForDeploymentPostprocessing = 0;
		};
		67E6DE7825C1B637004138D9 /* Frameworks */ = {
			isa = PBXFrameworksBuildPhase;
			buildActionMask = 2147483647;
			files = (
				477A1E0B6DA71F1FC6674819 /* Pods_flixsterTests.framework in Frameworks */,
			);
			runOnlyForDeploymentPostprocessing = 0;
		};
		67E6DE8325C1B638004138D9 /* Frameworks */ = {
			isa = PBXFrameworksBuildPhase;
			buildActionMask = 2147483647;
			files = (
				E1FC866E294D2E4ED380EF64 /* Pods_flixster_flixsterUITests.framework in Frameworks */,
			);
			runOnlyForDeploymentPostprocessing = 0;
		};
/* End PBXFrameworksBuildPhase section */

/* Begin PBXGroup section */
		074452497E98405D845A4D5F /* Frameworks */ = {
			isa = PBXGroup;
			children = (
				265A73283DB98D11472BDBA6 /* Pods_flixster.framework */,
				6BD148A4FA658A7A447E8942 /* Pods_flixster_flixsterUITests.framework */,
				E0FB6E60C452081593861D33 /* Pods_flixsterTests.framework */,
			);
			name = Frameworks;
			sourceTree = "<group>";
		};
		67E6DE5C25C1B62E004138D9 = {
			isa = PBXGroup;
			children = (
				67E6DE6725C1B62F004138D9 /* flixster */,
				67E6DE7E25C1B638004138D9 /* flixsterTests */,
				67E6DE8925C1B638004138D9 /* flixsterUITests */,
				67E6DE6625C1B62F004138D9 /* Products */,
				700E54758DDE72EF4C22A00F /* Pods */,
				074452497E98405D845A4D5F /* Frameworks */,
			);
			sourceTree = "<group>";
		};
		67E6DE6625C1B62F004138D9 /* Products */ = {
			isa = PBXGroup;
			children = (
				67E6DE6525C1B62F004138D9 /* flixster.app */,
				67E6DE7B25C1B637004138D9 /* flixsterTests.xctest */,
				67E6DE8625C1B638004138D9 /* flixsterUITests.xctest */,
			);
			name = Products;
			sourceTree = "<group>";
		};
		67E6DE6725C1B62F004138D9 /* flixster */ = {
			isa = PBXGroup;
			children = (
				67E6DE6825C1B62F004138D9 /* AppDelegate.swift */,
				67E6DE6A25C1B62F004138D9 /* SceneDelegate.swift */,
				67E6DE6E25C1B62F004138D9 /* Main.storyboard */,
				67E6DE7125C1B636004138D9 /* Assets.xcassets */,
				67E6DE7325C1B636004138D9 /* LaunchScreen.storyboard */,
				67E6DE7625C1B636004138D9 /* Info.plist */,
				67E6DE9E25C1C6BA004138D9 /* MoviesViewController.swift */,
				67E6DEA325C7578C004138D9 /* MovieCell.swift */,
			);
			path = flixster;
			sourceTree = "<group>";
		};
		67E6DE7E25C1B638004138D9 /* flixsterTests */ = {
			isa = PBXGroup;
			children = (
				67E6DE7F25C1B638004138D9 /* flixsterTests.swift */,
				67E6DE8125C1B638004138D9 /* Info.plist */,
			);
			path = flixsterTests;
			sourceTree = "<group>";
		};
		67E6DE8925C1B638004138D9 /* flixsterUITests */ = {
			isa = PBXGroup;
			children = (
				67E6DE8A25C1B638004138D9 /* flixsterUITests.swift */,
				67E6DE8C25C1B638004138D9 /* Info.plist */,
			);
			path = flixsterUITests;
			sourceTree = "<group>";
		};
		700E54758DDE72EF4C22A00F /* Pods */ = {
			isa = PBXGroup;
			children = (
				A320D139095F113129BFA703 /* Pods-flixster.debug.xcconfig */,
				8C68A3E6CB1039595899AF76 /* Pods-flixster.release.xcconfig */,
				7819A52F37E14630D362B39A /* Pods-flixster-flixsterUITests.debug.xcconfig */,
				92220D85A9D095542E5F2BDC /* Pods-flixster-flixsterUITests.release.xcconfig */,
				D1AF99ECA3CC45FC3553CBCE /* Pods-flixsterTests.debug.xcconfig */,
				AE71BA613D4CC7532810BEB9 /* Pods-flixsterTests.release.xcconfig */,
			);
			name = Pods;
			path = Pods;
			sourceTree = "<group>";
		};
/* End PBXGroup section */

/* Begin PBXNativeTarget section */
		67E6DE6425C1B62F004138D9 /* flixster */ = {
			isa = PBXNativeTarget;
			buildConfigurationList = 67E6DE8F25C1B638004138D9 /* Build configuration list for PBXNativeTarget "flixster" */;
			buildPhases = (
				F3BE25C850A3EE689699BABA /* [CP] Check Pods Manifest.lock */,
				67E6DE6125C1B62F004138D9 /* Sources */,
				67E6DE6225C1B62F004138D9 /* Frameworks */,
				67E6DE6325C1B62F004138D9 /* Resources */,
				D9A8C754A300C426D6A2CAD3 /* [CP] Embed Pods Frameworks */,
			);
			buildRules = (
			);
			dependencies = (
			);
			name = flixster;
			productName = flixster;
			productReference = 67E6DE6525C1B62F004138D9 /* flixster.app */;
			productType = "com.apple.product-type.application";
		};
		67E6DE7A25C1B637004138D9 /* flixsterTests */ = {
			isa = PBXNativeTarget;
			buildConfigurationList = 67E6DE9225C1B638004138D9 /* Build configuration list for PBXNativeTarget "flixsterTests" */;
			buildPhases = (
				A8692C6274A69A14FC597198 /* [CP] Check Pods Manifest.lock */,
				67E6DE7725C1B637004138D9 /* Sources */,
				67E6DE7825C1B637004138D9 /* Frameworks */,
				67E6DE7925C1B637004138D9 /* Resources */,
			);
			buildRules = (
			);
			dependencies = (
				67E6DE7D25C1B637004138D9 /* PBXTargetDependency */,
			);
			name = flixsterTests;
			productName = flixsterTests;
			productReference = 67E6DE7B25C1B637004138D9 /* flixsterTests.xctest */;
			productType = "com.apple.product-type.bundle.unit-test";
		};
		67E6DE8525C1B638004138D9 /* flixsterUITests */ = {
			isa = PBXNativeTarget;
			buildConfigurationList = 67E6DE9525C1B638004138D9 /* Build configuration list for PBXNativeTarget "flixsterUITests" */;
			buildPhases = (
				93153DA25A61A11AC613E6FE /* [CP] Check Pods Manifest.lock */,
				67E6DE8225C1B638004138D9 /* Sources */,
				67E6DE8325C1B638004138D9 /* Frameworks */,
				67E6DE8425C1B638004138D9 /* Resources */,
				99BA2F601F7468C194B07D1B /* [CP] Embed Pods Frameworks */,
			);
			buildRules = (
			);
			dependencies = (
				67E6DE8825C1B638004138D9 /* PBXTargetDependency */,
			);
			name = flixsterUITests;
			productName = flixsterUITests;
			productReference = 67E6DE8625C1B638004138D9 /* flixsterUITests.xctest */;
			productType = "com.apple.product-type.bundle.ui-testing";
		};
/* End PBXNativeTarget section */

/* Begin PBXProject section */
		67E6DE5D25C1B62F004138D9 /* Project object */ = {
			isa = PBXProject;
			attributes = {
				LastSwiftUpdateCheck = 1230;
				LastUpgradeCheck = 1230;
				TargetAttributes = {
					67E6DE6425C1B62F004138D9 = {
						CreatedOnToolsVersion = 12.3;
					};
					67E6DE7A25C1B637004138D9 = {
						CreatedOnToolsVersion = 12.3;
						TestTargetID = 67E6DE6425C1B62F004138D9;
					};
					67E6DE8525C1B638004138D9 = {
						CreatedOnToolsVersion = 12.3;
						TestTargetID = 67E6DE6425C1B62F004138D9;
					};
				};
			};
			buildConfigurationList = 67E6DE6025C1B62F004138D9 /* Build configuration list for PBXProject "flixster" */;
			compatibilityVersion = "Xcode 9.3";
			developmentRegion = en;
			hasScannedForEncodings = 0;
			knownRegions = (
				en,
				Base,
			);
			mainGroup = 67E6DE5C25C1B62E004138D9;
			productRefGroup = 67E6DE6625C1B62F004138D9 /* Products */;
			projectDirPath = "";
			projectRoot = "";
			targets = (
				67E6DE6425C1B62F004138D9 /* flixster */,
				67E6DE7A25C1B637004138D9 /* flixsterTests */,
				67E6DE8525C1B638004138D9 /* flixsterUITests */,
			);
		};
/* End PBXProject section */

/* Begin PBXResourcesBuildPhase section */
		67E6DE6325C1B62F004138D9 /* Resources */ = {
			isa = PBXResourcesBuildPhase;
			buildActionMask = 2147483647;
			files = (
				67E6DE7525C1B636004138D9 /* LaunchScreen.storyboard in Resources */,
				67E6DE7225C1B636004138D9 /* Assets.xcassets in Resources */,
				67E6DE7025C1B62F004138D9 /* Main.storyboard in Resources */,
			);
			runOnlyForDeploymentPostprocessing = 0;
		};
		67E6DE7925C1B637004138D9 /* Resources */ = {
			isa = PBXResourcesBuildPhase;
			buildActionMask = 2147483647;
			files = (
			);
			runOnlyForDeploymentPostprocessing = 0;
		};
		67E6DE8425C1B638004138D9 /* Resources */ = {
			isa = PBXResourcesBuildPhase;
			buildActionMask = 2147483647;
			files = (
			);
			runOnlyForDeploymentPostprocessing = 0;
		};
/* End PBXResourcesBuildPhase section */

/* Begin PBXShellScriptBuildPhase section */
		93153DA25A61A11AC613E6FE /* [CP] Check Pods Manifest.lock */ = {
			isa = PBXShellScriptBuildPhase;
			buildActionMask = 2147483647;
			files = (
			);
			inputFileListPaths = (
			);
			inputPaths = (
				"${PODS_PODFILE_DIR_PATH}/Podfile.lock",
				"${PODS_ROOT}/Manifest.lock",
			);
			name = "[CP] Check Pods Manifest.lock";
			outputFileListPaths = (
			);
			outputPaths = (
				"$(DERIVED_FILE_DIR)/Pods-flixster-flixsterUITests-checkManifestLockResult.txt",
			);
			runOnlyForDeploymentPostprocessing = 0;
			shellPath = /bin/sh;
			shellScript = "diff \"${PODS_PODFILE_DIR_PATH}/Podfile.lock\" \"${PODS_ROOT}/Manifest.lock\" > /dev/null\nif [ $? != 0 ] ; then\n    # print error to STDERR\n    echo \"error: The sandbox is not in sync with the Podfile.lock. Run 'pod install' or update your CocoaPods installation.\" >&2\n    exit 1\nfi\n# This output is used by Xcode 'outputs' to avoid re-running this script phase.\necho \"SUCCESS\" > \"${SCRIPT_OUTPUT_FILE_0}\"\n";
			showEnvVarsInLog = 0;
		};
		99BA2F601F7468C194B07D1B /* [CP] Embed Pods Frameworks */ = {
			isa = PBXShellScriptBuildPhase;
			buildActionMask = 2147483647;
			files = (
			);
			inputFileListPaths = (
				"${PODS_ROOT}/Target Support Files/Pods-flixster-flixsterUITests/Pods-flixster-flixsterUITests-frameworks-${CONFIGURATION}-input-files.xcfilelist",
			);
			name = "[CP] Embed Pods Frameworks";
			outputFileListPaths = (
				"${PODS_ROOT}/Target Support Files/Pods-flixster-flixsterUITests/Pods-flixster-flixsterUITests-frameworks-${CONFIGURATION}-output-files.xcfilelist",
			);
			runOnlyForDeploymentPostprocessing = 0;
			shellPath = /bin/sh;
			shellScript = "\"${PODS_ROOT}/Target Support Files/Pods-flixster-flixsterUITests/Pods-flixster-flixsterUITests-frameworks.sh\"\n";
			showEnvVarsInLog = 0;
		};
		A8692C6274A69A14FC597198 /* [CP] Check Pods Manifest.lock */ = {
			isa = PBXShellScriptBuildPhase;
			buildActionMask = 2147483647;
			files = (
			);
			inputFileListPaths = (
			);
			inputPaths = (
				"${PODS_PODFILE_DIR_PATH}/Podfile.lock",
				"${PODS_ROOT}/Manifest.lock",
			);
			name = "[CP] Check Pods Manifest.lock";
			outputFileListPaths = (
			);
			outputPaths = (
				"$(DERIVED_FILE_DIR)/Pods-flixsterTests-checkManifestLockResult.txt",
			);
			runOnlyForDeploymentPostprocessing = 0;
			shellPath = /bin/sh;
			shellScript = "diff \"${PODS_PODFILE_DIR_PATH}/Podfile.lock\" \"${PODS_ROOT}/Manifest.lock\" > /dev/null\nif [ $? != 0 ] ; then\n    # print error to STDERR\n    echo \"error: The sandbox is not in sync with the Podfile.lock. Run 'pod install' or update your CocoaPods installation.\" >&2\n    exit 1\nfi\n# This output is used by Xcode 'outputs' to avoid re-running this script phase.\necho \"SUCCESS\" > \"${SCRIPT_OUTPUT_FILE_0}\"\n";
			showEnvVarsInLog = 0;
		};
		D9A8C754A300C426D6A2CAD3 /* [CP] Embed Pods Frameworks */ = {
			isa = PBXShellScriptBuildPhase;
			buildActionMask = 2147483647;
			files = (
			);
			inputFileListPaths = (
				"${PODS_ROOT}/Target Support Files/Pods-flixster/Pods-flixster-frameworks-${CONFIGURATION}-input-files.xcfilelist",
			);
			name = "[CP] Embed Pods Frameworks";
			outputFileListPaths = (
				"${PODS_ROOT}/Target Support Files/Pods-flixster/Pods-flixster-frameworks-${CONFIGURATION}-output-files.xcfilelist",
			);
			runOnlyForDeploymentPostprocessing = 0;
			shellPath = /bin/sh;
			shellScript = "\"${PODS_ROOT}/Target Support Files/Pods-flixster/Pods-flixster-frameworks.sh\"\n";
			showEnvVarsInLog = 0;
		};
		F3BE25C850A3EE689699BABA /* [CP] Check Pods Manifest.lock */ = {
			isa = PBXShellScriptBuildPhase;
			buildActionMask = 2147483647;
			files = (
			);
			inputFileListPaths = (
			);
			inputPaths = (
				"${PODS_PODFILE_DIR_PATH}/Podfile.lock",
				"${PODS_ROOT}/Manifest.lock",
			);
			name = "[CP] Check Pods Manifest.lock";
			outputFileListPaths = (
			);
			outputPaths = (
				"$(DERIVED_FILE_DIR)/Pods-flixster-checkManifestLockResult.txt",
			);
			runOnlyForDeploymentPostprocessing = 0;
			shellPath = /bin/sh;
			shellScript = "diff \"${PODS_PODFILE_DIR_PATH}/Podfile.lock\" \"${PODS_ROOT}/Manifest.lock\" > /dev/null\nif [ $? != 0 ] ; then\n    # print error to STDERR\n    echo \"error: The sandbox is not in sync with the Podfile.lock. Run 'pod install' or update your CocoaPods installation.\" >&2\n    exit 1\nfi\n# This output is used by Xcode 'outputs' to avoid re-running this script phase.\necho \"SUCCESS\" > \"${SCRIPT_OUTPUT_FILE_0}\"\n";
			showEnvVarsInLog = 0;
		};
/* End PBXShellScriptBuildPhase section */

/* Begin PBXSourcesBuildPhase section */
		67E6DE6125C1B62F004138D9 /* Sources */ = {
			isa = PBXSourcesBuildPhase;
			buildActionMask = 2147483647;
			files = (
				67E6DE6925C1B62F004138D9 /* AppDelegate.swift in Sources */,
				67E6DE6B25C1B62F004138D9 /* SceneDelegate.swift in Sources */,
				67E6DEA425C7578C004138D9 /* MovieCell.swift in Sources */,
				67E6DE9F25C1C6BA004138D9 /* MoviesViewController.swift in Sources */,
			);
			runOnlyForDeploymentPostprocessing = 0;
		};
		67E6DE7725C1B637004138D9 /* Sources */ = {
			isa = PBXSourcesBuildPhase;
			buildActionMask = 2147483647;
			files = (
				67E6DE8025C1B638004138D9 /* flixsterTests.swift in Sources */,
			);
			runOnlyForDeploymentPostprocessing = 0;
		};
		67E6DE8225C1B638004138D9 /* Sources */ = {
			isa = PBXSourcesBuildPhase;
			buildActionMask = 2147483647;
			files = (
				67E6DE8B25C1B638004138D9 /* flixsterUITests.swift in Sources */,
			);
			runOnlyForDeploymentPostprocessing = 0;
		};
/* End PBXSourcesBuildPhase section */

/* Begin PBXTargetDependency section */
		67E6DE7D25C1B637004138D9 /* PBXTargetDependency */ = {
			isa = PBXTargetDependency;
			target = 67E6DE6425C1B62F004138D9 /* flixster */;
			targetProxy = 67E6DE7C25C1B637004138D9 /* PBXContainerItemProxy */;
		};
		67E6DE8825C1B638004138D9 /* PBXTargetDependency */ = {
			isa = PBXTargetDependency;
			target = 67E6DE6425C1B62F004138D9 /* flixster */;
			targetProxy = 67E6DE8725C1B638004138D9 /* PBXContainerItemProxy */;
		};
/* End PBXTargetDependency section */

/* Begin PBXVariantGroup section */
		67E6DE6E25C1B62F004138D9 /* Main.storyboard */ = {
			isa = PBXVariantGroup;
			children = (
				67E6DE6F25C1B62F004138D9 /* Base */,
			);
			name = Main.storyboard;
			sourceTree = "<group>";
		};
		67E6DE7325C1B636004138D9 /* LaunchScreen.storyboard */ = {
			isa = PBXVariantGroup;
			children = (
				67E6DE7425C1B636004138D9 /* Base */,
			);
			name = LaunchScreen.storyboard;
			sourceTree = "<group>";
		};
/* End PBXVariantGroup section */

/* Begin XCBuildConfiguration section */
		67E6DE8D25C1B638004138D9 /* Debug */ = {
			isa = XCBuildConfiguration;
			buildSettings = {
				ALWAYS_SEARCH_USER_PATHS = NO;
				CLANG_ANALYZER_NONNULL = YES;
				CLANG_ANALYZER_NUMBER_OBJECT_CONVERSION = YES_AGGRESSIVE;
				CLANG_CXX_LANGUAGE_STANDARD = "gnu++14";
				CLANG_CXX_LIBRARY = "libc++";
				CLANG_ENABLE_MODULES = YES;
				CLANG_ENABLE_OBJC_ARC = YES;
				CLANG_ENABLE_OBJC_WEAK = YES;
				CLANG_WARN_BLOCK_CAPTURE_AUTORELEASING = YES;
				CLANG_WARN_BOOL_CONVERSION = YES;
				CLANG_WARN_COMMA = YES;
				CLANG_WARN_CONSTANT_CONVERSION = YES;
				CLANG_WARN_DEPRECATED_OBJC_IMPLEMENTATIONS = YES;
				CLANG_WARN_DIRECT_OBJC_ISA_USAGE = YES_ERROR;
				CLANG_WARN_DOCUMENTATION_COMMENTS = YES;
				CLANG_WARN_EMPTY_BODY = YES;
				CLANG_WARN_ENUM_CONVERSION = YES;
				CLANG_WARN_INFINITE_RECURSION = YES;
				CLANG_WARN_INT_CONVERSION = YES;
				CLANG_WARN_NON_LITERAL_NULL_CONVERSION = YES;
				CLANG_WARN_OBJC_IMPLICIT_RETAIN_SELF = YES;
				CLANG_WARN_OBJC_LITERAL_CONVERSION = YES;
				CLANG_WARN_OBJC_ROOT_CLASS = YES_ERROR;
				CLANG_WARN_QUOTED_INCLUDE_IN_FRAMEWORK_HEADER = YES;
				CLANG_WARN_RANGE_LOOP_ANALYSIS = YES;
				CLANG_WARN_STRICT_PROTOTYPES = YES;
				CLANG_WARN_SUSPICIOUS_MOVE = YES;
				CLANG_WARN_UNGUARDED_AVAILABILITY = YES_AGGRESSIVE;
				CLANG_WARN_UNREACHABLE_CODE = YES;
				CLANG_WARN__DUPLICATE_METHOD_MATCH = YES;
				COPY_PHASE_STRIP = NO;
				DEBUG_INFORMATION_FORMAT = dwarf;
				ENABLE_STRICT_OBJC_MSGSEND = YES;
				ENABLE_TESTABILITY = YES;
				GCC_C_LANGUAGE_STANDARD = gnu11;
				GCC_DYNAMIC_NO_PIC = NO;
				GCC_NO_COMMON_BLOCKS = YES;
				GCC_OPTIMIZATION_LEVEL = 0;
				GCC_PREPROCESSOR_DEFINITIONS = (
					"DEBUG=1",
					"$(inherited)",
				);
				GCC_WARN_64_TO_32_BIT_CONVERSION = YES;
				GCC_WARN_ABOUT_RETURN_TYPE = YES_ERROR;
				GCC_WARN_UNDECLARED_SELECTOR = YES;
				GCC_WARN_UNINITIALIZED_AUTOS = YES_AGGRESSIVE;
				GCC_WARN_UNUSED_FUNCTION = YES;
				GCC_WARN_UNUSED_VARIABLE = YES;
				IPHONEOS_DEPLOYMENT_TARGET = 14.3;
				MTL_ENABLE_DEBUG_INFO = INCLUDE_SOURCE;
				MTL_FAST_MATH = YES;
				ONLY_ACTIVE_ARCH = YES;
				SDKROOT = iphoneos;
				SWIFT_ACTIVE_COMPILATION_CONDITIONS = DEBUG;
				SWIFT_OPTIMIZATION_LEVEL = "-Onone";
			};
			name = Debug;
		};
		67E6DE8E25C1B638004138D9 /* Release */ = {
			isa = XCBuildConfiguration;
			buildSettings = {
				ALWAYS_SEARCH_USER_PATHS = NO;
				CLANG_ANALYZER_NONNULL = YES;
				CLANG_ANALYZER_NUMBER_OBJECT_CONVERSION = YES_AGGRESSIVE;
				CLANG_CXX_LANGUAGE_STANDARD = "gnu++14";
				CLANG_CXX_LIBRARY = "libc++";
				CLANG_ENABLE_MODULES = YES;
				CLANG_ENABLE_OBJC_ARC = YES;
				CLANG_ENABLE_OBJC_WEAK = YES;
				CLANG_WARN_BLOCK_CAPTURE_AUTORELEASING = YES;
				CLANG_WARN_BOOL_CONVERSION = YES;
				CLANG_WARN_COMMA = YES;
				CLANG_WARN_CONSTANT_CONVERSION = YES;
				CLANG_WARN_DEPRECATED_OBJC_IMPLEMENTATIONS = YES;
				CLANG_WARN_DIRECT_OBJC_ISA_USAGE = YES_ERROR;
				CLANG_WARN_DOCUMENTATION_COMMENTS = YES;
				CLANG_WARN_EMPTY_BODY = YES;
				CLANG_WARN_ENUM_CONVERSION = YES;
				CLANG_WARN_INFINITE_RECURSION = YES;
				CLANG_WARN_INT_CONVERSION = YES;
				CLANG_WARN_NON_LITERAL_NULL_CONVERSION = YES;
				CLANG_WARN_OBJC_IMPLICIT_RETAIN_SELF = YES;
				CLANG_WARN_OBJC_LITERAL_CONVERSION = YES;
				CLANG_WARN_OBJC_ROOT_CLASS = YES_ERROR;
				CLANG_WARN_QUOTED_INCLUDE_IN_FRAMEWORK_HEADER = YES;
				CLANG_WARN_RANGE_LOOP_ANALYSIS = YES;
				CLANG_WARN_STRICT_PROTOTYPES = YES;
				CLANG_WARN_SUSPICIOUS_MOVE = YES;
				CLANG_WARN_UNGUARDED_AVAILABILITY = YES_AGGRESSIVE;
				CLANG_WARN_UNREACHABLE_CODE = YES;
				CLANG_WARN__DUPLICATE_METHOD_MATCH = YES;
				COPY_PHASE_STRIP = NO;
				DEBUG_INFORMATION_FORMAT = "dwarf-with-dsym";
				ENABLE_NS_ASSERTIONS = NO;
				ENABLE_STRICT_OBJC_MSGSEND = YES;
				GCC_C_LANGUAGE_STANDARD = gnu11;
				GCC_NO_COMMON_BLOCKS = YES;
				GCC_WARN_64_TO_32_BIT_CONVERSION = YES;
				GCC_WARN_ABOUT_RETURN_TYPE = YES_ERROR;
				GCC_WARN_UNDECLARED_SELECTOR = YES;
				GCC_WARN_UNINITIALIZED_AUTOS = YES_AGGRESSIVE;
				GCC_WARN_UNUSED_FUNCTION = YES;
				GCC_WARN_UNUSED_VARIABLE = YES;
				IPHONEOS_DEPLOYMENT_TARGET = 14.3;
				MTL_ENABLE_DEBUG_INFO = NO;
				MTL_FAST_MATH = YES;
				SDKROOT = iphoneos;
				SWIFT_COMPILATION_MODE = wholemodule;
				SWIFT_OPTIMIZATION_LEVEL = "-O";
				VALIDATE_PRODUCT = YES;
			};
			name = Release;
		};
		67E6DE9025C1B638004138D9 /* Debug */ = {
			isa = XCBuildConfiguration;
			baseConfigurationReference = A320D139095F113129BFA703 /* Pods-flixster.debug.xcconfig */;
			buildSettings = {
				ASSETCATALOG_COMPILER_APPICON_NAME = AppIcon;
				ASSETCATALOG_COMPILER_GLOBAL_ACCENT_COLOR_NAME = AccentColor;
				CODE_SIGN_STYLE = Automatic;
				INFOPLIST_FILE = flixster/Info.plist;
				LD_RUNPATH_SEARCH_PATHS = (
					"$(inherited)",
					"@executable_path/Frameworks",
				);
				PRODUCT_BUNDLE_IDENTIFIER = MasonHughes.flixster;
				PRODUCT_NAME = "$(TARGET_NAME)";
				SWIFT_VERSION = 5.0;
				TARGETED_DEVICE_FAMILY = "1,2";
			};
			name = Debug;
		};
		67E6DE9125C1B638004138D9 /* Release */ = {
			isa = XCBuildConfiguration;
			baseConfigurationReference = 8C68A3E6CB1039595899AF76 /* Pods-flixster.release.xcconfig */;
			buildSettings = {
				ASSETCATALOG_COMPILER_APPICON_NAME = AppIcon;
				ASSETCATALOG_COMPILER_GLOBAL_ACCENT_COLOR_NAME = AccentColor;
				CODE_SIGN_STYLE = Automatic;
				INFOPLIST_FILE = flixster/Info.plist;
				LD_RUNPATH_SEARCH_PATHS = (
					"$(inherited)",
					"@executable_path/Frameworks",
				);
				PRODUCT_BUNDLE_IDENTIFIER = MasonHughes.flixster;
				PRODUCT_NAME = "$(TARGET_NAME)";
				SWIFT_VERSION = 5.0;
				TARGETED_DEVICE_FAMILY = "1,2";
			};
			name = Release;
		};
		67E6DE9325C1B638004138D9 /* Debug */ = {
			isa = XCBuildConfiguration;
			baseConfigurationReference = D1AF99ECA3CC45FC3553CBCE /* Pods-flixsterTests.debug.xcconfig */;
			buildSettings = {
				ALWAYS_EMBED_SWIFT_STANDARD_LIBRARIES = YES;
				BUNDLE_LOADER = "$(TEST_HOST)";
				CODE_SIGN_STYLE = Automatic;
				INFOPLIST_FILE = flixsterTests/Info.plist;
				IPHONEOS_DEPLOYMENT_TARGET = 14.3;
				LD_RUNPATH_SEARCH_PATHS = (
					"$(inherited)",
					"@executable_path/Frameworks",
					"@loader_path/Frameworks",
				);
				PRODUCT_BUNDLE_IDENTIFIER = MasonHughes.flixsterTests;
				PRODUCT_NAME = "$(TARGET_NAME)";
				SWIFT_VERSION = 5.0;
				TARGETED_DEVICE_FAMILY = "1,2";
				TEST_HOST = "$(BUILT_PRODUCTS_DIR)/flixster.app/flixster";
			};
			name = Debug;
		};
		67E6DE9425C1B638004138D9 /* Release */ = {
			isa = XCBuildConfiguration;
			baseConfigurationReference = AE71BA613D4CC7532810BEB9 /* Pods-flixsterTests.release.xcconfig */;
			buildSettings = {
				ALWAYS_EMBED_SWIFT_STANDARD_LIBRARIES = YES;
				BUNDLE_LOADER = "$(TEST_HOST)";
				CODE_SIGN_STYLE = Automatic;
				INFOPLIST_FILE = flixsterTests/Info.plist;
				IPHONEOS_DEPLOYMENT_TARGET = 14.3;
				LD_RUNPATH_SEARCH_PATHS = (
					"$(inherited)",
					"@executable_path/Frameworks",
					"@loader_path/Frameworks",
				);
				PRODUCT_BUNDLE_IDENTIFIER = MasonHughes.flixsterTests;
				PRODUCT_NAME = "$(TARGET_NAME)";
				SWIFT_VERSION = 5.0;
				TARGETED_DEVICE_FAMILY = "1,2";
				TEST_HOST = "$(BUILT_PRODUCTS_DIR)/flixster.app/flixster";
			};
			name = Release;
		};
		67E6DE9625C1B638004138D9 /* Debug */ = {
			isa = XCBuildConfiguration;
			baseConfigurationReference = 7819A52F37E14630D362B39A /* Pods-flixster-flixsterUITests.debug.xcconfig */;
			buildSettings = {
				ALWAYS_EMBED_SWIFT_STANDARD_LIBRARIES = YES;
				CODE_SIGN_STYLE = Automatic;
				INFOPLIST_FILE = flixsterUITests/Info.plist;
				LD_RUNPATH_SEARCH_PATHS = (
					"$(inherited)",
					"@executable_path/Frameworks",
					"@loader_path/Frameworks",
				);
				PRODUCT_BUNDLE_IDENTIFIER = MasonHughes.flixsterUITests;
				PRODUCT_NAME = "$(TARGET_NAME)";
				SWIFT_VERSION = 5.0;
				TARGETED_DEVICE_FAMILY = "1,2";
				TEST_TARGET_NAME = flixster;
			};
			name = Debug;
		};
		67E6DE9725C1B638004138D9 /* Release */ = {
			isa = XCBuildConfiguration;
			baseConfigurationReference = 92220D85A9D095542E5F2BDC /* Pods-flixster-flixsterUITests.release.xcconfig */;
			buildSettings = {
				ALWAYS_EMBED_SWIFT_STANDARD_LIBRARIES = YES;
				CODE_SIGN_STYLE = Automatic;
				INFOPLIST_FILE = flixsterUITests/Info.plist;
				LD_RUNPATH_SEARCH_PATHS = (
					"$(inherited)",
					"@executable_path/Frameworks",
					"@loader_path/Frameworks",
				);
				PRODUCT_BUNDLE_IDENTIFIER = MasonHughes.flixsterUITests;
				PRODUCT_NAME = "$(TARGET_NAME)";
				SWIFT_VERSION = 5.0;
				TARGETED_DEVICE_FAMILY = "1,2";
				TEST_TARGET_NAME = flixster;
			};
			name = Release;
		};
/* End XCBuildConfiguration section */

/* Begin XCConfigurationList section */
		67E6DE6025C1B62F004138D9 /* Build configuration list for PBXProject "flixster" */ = {
			isa = XCConfigurationList;
			buildConfigurations = (
				67E6DE8D25C1B638004138D9 /* Debug */,
				67E6DE8E25C1B638004138D9 /* Release */,
			);
			defaultConfigurationIsVisible = 0;
			defaultConfigurationName = Release;
		};
		67E6DE8F25C1B638004138D9 /* Build configuration list for PBXNativeTarget "flixster" */ = {
			isa = XCConfigurationList;
			buildConfigurations = (
				67E6DE9025C1B638004138D9 /* Debug */,
				67E6DE9125C1B638004138D9 /* Release */,
			);
			defaultConfigurationIsVisible = 0;
			defaultConfigurationName = Release;
		};
		67E6DE9225C1B638004138D9 /* Build configuration list for PBXNativeTarget "flixsterTests" */ = {
			isa = XCConfigurationList;
			buildConfigurations = (
				67E6DE9325C1B638004138D9 /* Debug */,
				67E6DE9425C1B638004138D9 /* Release */,
			);
			defaultConfigurationIsVisible = 0;
			defaultConfigurationName = Release;
		};
		67E6DE9525C1B638004138D9 /* Build configuration list for PBXNativeTarget "flixsterUITests" */ = {
			isa = XCConfigurationList;
			buildConfigurations = (
				67E6DE9625C1B638004138D9 /* Debug */,
				67E6DE9725C1B638004138D9 /* Release */,
			);
			defaultConfigurationIsVisible = 0;
			defaultConfigurationName = Release;
		};
/* End XCConfigurationList section */
	};
	rootObject = 67E6DE5D25C1B62F004138D9 /* Project object */;
}
